Microsoft Visual Studio Solution File, Format Version 11.00
# Visual Studio 2008

Project("{12BF8F9F-ECF0-162D-4222-3206942E3453}") = "Santman", "Assembly-CSharp.csproj", "{5513C455-4D75-4F2B-F7F9-E4303E79C98D}"
EndProject
Global
	GlobalSection(SolutionConfigurationPlatforms) = preSolution
		Debug|Any CPU = Debug|Any CPU
		Release|Any CPU = Release|Any CPU
	EndGlobalSection
	GlobalSection(ProjectConfigurationPlatforms) = postSolution
		{5513C455-4D75-4F2B-F7F9-E4303E79C98D}.Debug|Any CPU.ActiveCfg = Debug|Any CPU
		{5513C455-4D75-4F2B-F7F9-E4303E79C98D}.Debug|Any CPU.Build.0 = Debug|Any CPU
		{5513C455-4D75-4F2B-F7F9-E4303E79C98D}.Release|Any CPU.ActiveCfg = Release|Any CPU
		{5513C455-4D75-4F2B-F7F9-E4303E79C98D}.Release|Any CPU.Build.0 = Release|Any CPU
	EndGlobalSection
	GlobalSection(SolutionProperties) = preSolution
		HideSolutionNode = FALSE
	EndGlobalSection
	GlobalSection(MonoDevelopProperties) = preSolution
		StartupItem = Assembly-CSharp.csproj
	EndGlobalSection
EndGlobal
